// !$*UTF8*$!
{
	archiveVersion = 1;
	classes = {
	};
	objectVersion = 55;
	objects = {

/* Begin PBXBuildFile section */
		41A3949628F73C2F00B21B43 /* AppDelegate.swift in Sources */ = {isa = PBXBuildFile; fileRef = 41A3949528F73C2F00B21B43 /* AppDelegate.swift */; };
		41A3949828F73C2F00B21B43 /* SceneDelegate.swift in Sources */ = {isa = PBXBuildFile; fileRef = 41A3949728F73C2F00B21B43 /* SceneDelegate.swift */; };
		41A3949A28F73C2F00B21B43 /* AnasayfaVC.swift in Sources */ = {isa = PBXBuildFile; fileRef = 41A3949928F73C2F00B21B43 /* AnasayfaVC.swift */; };
		41A3949D28F73C2F00B21B43 /* Main.storyboard in Resources */ = {isa = PBXBuildFile; fileRef = 41A3949B28F73C2F00B21B43 /* Main.storyboard */; };
		41A3949F28F73C3600B21B43 /* Assets.xcassets in Resources */ = {isa = PBXBuildFile; fileRef = 41A3949E28F73C3600B21B43 /* Assets.xcassets */; };
		41A394A228F73C3600B21B43 /* LaunchScreen.storyboard in Resources */ = {isa = PBXBuildFile; fileRef = 41A394A028F73C3600B21B43 /* LaunchScreen.storyboard */; };
		41A394B128F73EFA00B21B43 /* DetayVC.swift in Sources */ = {isa = PBXBuildFile; fileRef = 41A394B028F73EFA00B21B43 /* DetayVC.swift */; };
		41A394B328F73F0C00B21B43 /* KayitVC.swift in Sources */ = {isa = PBXBuildFile; fileRef = 41A394B228F73F0C00B21B43 /* KayitVC.swift */; };
		41A394B528F73F2200B21B43 /* AnasayfaInteractor.swift in Sources */ = {isa = PBXBuildFile; fileRef = 41A394B428F73F2200B21B43 /* AnasayfaInteractor.swift */; };
		41A394B728F73F3600B21B43 /* AnasayfaPresenter.swift in Sources */ = {isa = PBXBuildFile; fileRef = 41A394B628F73F3600B21B43 /* AnasayfaPresenter.swift */; };
		41A394BB28F73F5400B21B43 /* AnasayfaRouter.swift in Sources */ = {isa = PBXBuildFile; fileRef = 41A394BA28F73F5400B21B43 /* AnasayfaRouter.swift */; };
		41A394BD28F73F6100B21B43 /* AnasayfaProtocols.swift in Sources */ = {isa = PBXBuildFile; fileRef = 41A394BC28F73F6100B21B43 /* AnasayfaProtocols.swift */; };
		41A394BF28F73F8400B21B43 /* DetayInteractor.swift in Sources */ = {isa = PBXBuildFile; fileRef = 41A394BE28F73F8400B21B43 /* DetayInteractor.swift */; };
		41A394C128F73F9500B21B43 /* DetayPresenter.swift in Sources */ = {isa = PBXBuildFile; fileRef = 41A394C028F73F9500B21B43 /* DetayPresenter.swift */; };
		41A394C528F73FB200B21B43 /* DetayRouter.swift in Sources */ = {isa = PBXBuildFile; fileRef = 41A394C428F73FB200B21B43 /* DetayRouter.swift */; };
		41A394C728F73FC000B21B43 /* DetayProtocols.swift in Sources */ = {isa = PBXBuildFile; fileRef = 41A394C628F73FC000B21B43 /* DetayProtocols.swift */; };
		41A394C928F73FD300B21B43 /* KayitInteractor.swift in Sources */ = {isa = PBXBuildFile; fileRef = 41A394C828F73FD300B21B43 /* KayitInteractor.swift */; };
		41A394CB28F73FDD00B21B43 /* KayitPresenter.swift in Sources */ = {isa = PBXBuildFile; fileRef = 41A394CA28F73FDD00B21B43 /* KayitPresenter.swift */; };
		41A394CF28F73FF500B21B43 /* KayitRouter.swift in Sources */ = {isa = PBXBuildFile; fileRef = 41A394CE28F73FF500B21B43 /* KayitRouter.swift */; };
		41A394D128F73FFF00B21B43 /* KayitProtocols.swift in Sources */ = {isa = PBXBuildFile; fileRef = 41A394D028F73FFF00B21B43 /* KayitProtocols.swift */; };
		41A394D428F7402800B21B43 /* Entity.swift in Sources */ = {isa = PBXBuildFile; fileRef = 41A394D328F7402800B21B43 /* Entity.swift */; };
		41A394D728F740DE00B21B43 /* YapilacaklarTableViewCell.swift in Sources */ = {isa = PBXBuildFile; fileRef = 41A394D628F740DE00B21B43 /* YapilacaklarTableViewCell.swift */; };
		41A394E628F74C1400B21B43 /* FMDatabase.m in Sources */ = {isa = PBXBuildFile; fileRef = 41A394DE28F74C1400B21B43 /* FMDatabase.m */; };
		41A394E728F74C1400B21B43 /* FMDatabasePool.m in Sources */ = {isa = PBXBuildFile; fileRef = 41A394DF28F74C1400B21B43 /* FMDatabasePool.m */; };
		41A394E828F74C1400B21B43 /* FMDatabaseAdditions.m in Sources */ = {isa = PBXBuildFile; fileRef = 41A394E328F74C1400B21B43 /* FMDatabaseAdditions.m */; };
		41A394E928F74C1400B21B43 /* FMDatabaseQueue.m in Sources */ = {isa = PBXBuildFile; fileRef = 41A394E428F74C1400B21B43 /* FMDatabaseQueue.m */; };
		41A394EA28F74C1400B21B43 /* FMResultSet.m in Sources */ = {isa = PBXBuildFile; fileRef = 41A394E528F74C1400B21B43 /* FMResultSet.m */; };
		41A3951028F75FA600B21B43 /* Yapilacaklar.sqlite in Resources */ = {isa = PBXBuildFile; fileRef = 41A3950F28F75FA600B21B43 /* Yapilacaklar.sqlite */; };
/* End PBXBuildFile section */

/* Begin PBXFileReference section */
		41A3949228F73C2F00B21B43 /* Homework7.app */ = {isa = PBXFileReference; explicitFileType = wrapper.application; includeInIndex = 0; path = Homework7.app; sourceTree = BUILT_PRODUCTS_DIR; };
		41A3949528F73C2F00B21B43 /* AppDelegate.swift */ = {isa = PBXFileReference; lastKnownFileType = sourcecode.swift; path = AppDelegate.swift; sourceTree = "<group>"; };
		41A3949728F73C2F00B21B43 /* SceneDelegate.swift */ = {isa = PBXFileReference; lastKnownFileType = sourcecode.swift; path = SceneDelegate.swift; sourceTree = "<group>"; };
		41A3949928F73C2F00B21B43 /* AnasayfaVC.swift */ = {isa = PBXFileReference; lastKnownFileType = sourcecode.swift; path = AnasayfaVC.swift; sourceTree = "<group>"; };
		41A3949C28F73C2F00B21B43 /* Base */ = {isa = PBXFileReference; lastKnownFileType = file.storyboard; name = Base; path = Base.lproj/Main.storyboard; sourceTree = "<group>"; };
		41A3949E28F73C3600B21B43 /* Assets.xcassets */ = {isa = PBXFileReference; lastKnownFileType = folder.assetcatalog; path = Assets.xcassets; sourceTree = "<group>"; };
		41A394A128F73C3600B21B43 /* Base */ = {isa = PBXFileReference; lastKnownFileType = file.storyboard; name = Base; path = Base.lproj/LaunchScreen.storyboard; sourceTree = "<group>"; };
		41A394A328F73C3600B21B43 /* Info.plist */ = {isa = PBXFileReference; lastKnownFileType = text.plist.xml; path = Info.plist; sourceTree = "<group>"; };
		41A394B028F73EFA00B21B43 /* DetayVC.swift */ = {isa = PBXFileReference; lastKnownFileType = sourcecode.swift; path = DetayVC.swift; sourceTree = "<group>"; };
		41A394B228F73F0C00B21B43 /* KayitVC.swift */ = {isa = PBXFileReference; lastKnownFileType = sourcecode.swift; path = KayitVC.swift; sourceTree = "<group>"; };
		41A394B428F73F2200B21B43 /* AnasayfaInteractor.swift */ = {isa = PBXFileReference; lastKnownFileType = sourcecode.swift; path = AnasayfaInteractor.swift; sourceTree = "<group>"; };
		41A394B628F73F3600B21B43 /* AnasayfaPresenter.swift */ = {isa = PBXFileReference; lastKnownFileType = sourcecode.swift; path = AnasayfaPresenter.swift; sourceTree = "<group>"; };
		41A394BA28F73F5400B21B43 /* AnasayfaRouter.swift */ = {isa = PBXFileReference; lastKnownFileType = sourcecode.swift; path = AnasayfaRouter.swift; sourceTree = "<group>"; };
		41A394BC28F73F6100B21B43 /* AnasayfaProtocols.swift */ = {isa = PBXFileReference; lastKnownFileType = sourcecode.swift; path = AnasayfaProtocols.swift; sourceTree = "<group>"; };
		41A394BE28F73F8400B21B43 /* DetayInteractor.swift */ = {isa = PBXFileReference; lastKnownFileType = sourcecode.swift; path = DetayInteractor.swift; sourceTree = "<group>"; };
		41A394C028F73F9500B21B43 /* DetayPresenter.swift */ = {isa = PBXFileReference; lastKnownFileType = sourcecode.swift; path = DetayPresenter.swift; sourceTree = "<group>"; };
		41A394C428F73FB200B21B43 /* DetayRouter.swift */ = {isa = PBXFileReference; lastKnownFileType = sourcecode.swift; path = DetayRouter.swift; sourceTree = "<group>"; };
		41A394C628F73FC000B21B43 /* DetayProtocols.swift */ = {isa = PBXFileReference; lastKnownFileType = sourcecode.swift; path = DetayProtocols.swift; sourceTree = "<group>"; };
		41A394C828F73FD300B21B43 /* KayitInteractor.swift */ = {isa = PBXFileReference; lastKnownFileType = sourcecode.swift; path = KayitInteractor.swift; sourceTree = "<group>"; };
		41A394CA28F73FDD00B21B43 /* KayitPresenter.swift */ = {isa = PBXFileReference; lastKnownFileType = sourcecode.swift; path = KayitPresenter.swift; sourceTree = "<group>"; };
		41A394CE28F73FF500B21B43 /* KayitRouter.swift */ = {isa = PBXFileReference; lastKnownFileType = sourcecode.swift; path = KayitRouter.swift; sourceTree = "<group>"; };
		41A394D028F73FFF00B21B43 /* KayitProtocols.swift */ = {isa = PBXFileReference; lastKnownFileType = sourcecode.swift; path = KayitProtocols.swift; sourceTree = "<group>"; };
		41A394D328F7402800B21B43 /* Entity.swift */ = {isa = PBXFileReference; lastKnownFileType = sourcecode.swift; path = Entity.swift; sourceTree = "<group>"; };
		41A394D628F740DE00B21B43 /* YapilacaklarTableViewCell.swift */ = {isa = PBXFileReference; lastKnownFileType = sourcecode.swift; path = YapilacaklarTableViewCell.swift; sourceTree = "<group>"; };
		41A394D928F74BE400B21B43 /* libsqlite3.tbd */ = {isa = PBXFileReference; lastKnownFileType = "sourcecode.text-based-dylib-definition"; name = libsqlite3.tbd; path = usr/lib/libsqlite3.tbd; sourceTree = SDKROOT; };
		41A394DA28F74C1300B21B43 /* Homework7-Bridging-Header.h */ = {isa = PBXFileReference; lastKnownFileType = sourcecode.c.h; path = "Homework7-Bridging-Header.h"; sourceTree = "<group>"; };
		41A394DB28F74C1400B21B43 /* FMDatabasePool.h */ = {isa = PBXFileReference; fileEncoding = 4; lastKnownFileType = sourcecode.c.h; name = FMDatabasePool.h; path = "../../FMDB Dosyaları/FMDatabasePool.h"; sourceTree = "<group>"; };
		41A394DC28F74C1400B21B43 /* FMDatabaseAdditions.h */ = {isa = PBXFileReference; fileEncoding = 4; lastKnownFileType = sourcecode.c.h; name = FMDatabaseAdditions.h; path = "../../FMDB Dosyaları/FMDatabaseAdditions.h"; sourceTree = "<group>"; };
		41A394DD28F74C1400B21B43 /* FMDatabase.h */ = {isa = PBXFileReference; fileEncoding = 4; lastKnownFileType = sourcecode.c.h; name = FMDatabase.h; path = "../../FMDB Dosyaları/FMDatabase.h"; sourceTree = "<group>"; };
		41A394DE28F74C1400B21B43 /* FMDatabase.m */ = {isa = PBXFileReference; fileEncoding = 4; lastKnownFileType = sourcecode.c.objc; name = FMDatabase.m; path = "../../FMDB Dosyaları/FMDatabase.m"; sourceTree = "<group>"; };
		41A394DF28F74C1400B21B43 /* FMDatabasePool.m */ = {isa = PBXFileReference; fileEncoding = 4; lastKnownFileType = sourcecode.c.objc; name = FMDatabasePool.m; path = "../../FMDB Dosyaları/FMDatabasePool.m"; sourceTree = "<group>"; };
		41A394E028F74C1400B21B43 /* FMResultSet.h */ = {isa = PBXFileReference; fileEncoding = 4; lastKnownFileType = sourcecode.c.h; name = FMResultSet.h; path = "../../FMDB Dosyaları/FMResultSet.h"; sourceTree = "<group>"; };
		41A394E128F74C1400B21B43 /* FMDatabaseQueue.h */ = {isa = PBXFileReference; fileEncoding = 4; lastKnownFileType = sourcecode.c.h; name = FMDatabaseQueue.h; path = "../../FMDB Dosyaları/FMDatabaseQueue.h"; sourceTree = "<group>"; };
		41A394E228F74C1400B21B43 /* FMDB.h */ = {isa = PBXFileReference; fileEncoding = 4; lastKnownFileType = sourcecode.c.h; name = FMDB.h; path = "../../FMDB Dosyaları/FMDB.h"; sourceTree = "<group>"; };
		41A394E328F74C1400B21B43 /* FMDatabaseAdditions.m */ = {isa = PBXFileReference; fileEncoding = 4; lastKnownFileType = sourcecode.c.objc; name = FMDatabaseAdditions.m; path = "../../FMDB Dosyaları/FMDatabaseAdditions.m"; sourceTree = "<group>"; };
		41A394E428F74C1400B21B43 /* FMDatabaseQueue.m */ = {isa = PBXFileReference; fileEncoding = 4; lastKnownFileType = sourcecode.c.objc; name = FMDatabaseQueue.m; path = "../../FMDB Dosyaları/FMDatabaseQueue.m"; sourceTree = "<group>"; };
		41A394E528F74C1400B21B43 /* FMResultSet.m */ = {isa = PBXFileReference; fileEncoding = 4; lastKnownFileType = sourcecode.c.objc; name = FMResultSet.m; path = "../../FMDB Dosyaları/FMResultSet.m"; sourceTree = "<group>"; };
		41A3950F28F75FA600B21B43 /* Yapilacaklar.sqlite */ = {isa = PBXFileReference; lastKnownFileType = file; name = Yapilacaklar.sqlite; path = ../../Yapilacaklar.sqlite; sourceTree = "<group>"; };
/* End PBXFileReference section */

/* Begin PBXFrameworksBuildPhase section */
		41A3948F28F73C2F00B21B43 /* Frameworks */ = {
			isa = PBXFrameworksBuildPhase;
			buildActionMask = 2147483647;
			files = (
			);
			runOnlyForDeploymentPostprocessing = 0;
		};
/* End PBXFrameworksBuildPhase section */

/* Begin PBXGroup section */
		41A3948928F73C2F00B21B43 = {
			isa = PBXGroup;
			children = (
				41A3949428F73C2F00B21B43 /* Homework7 */,
				41A3949328F73C2F00B21B43 /* Products */,
				41A394D828F74BE400B21B43 /* Frameworks */,
			);
			sourceTree = "<group>";
		};
		41A3949328F73C2F00B21B43 /* Products */ = {
			isa = PBXGroup;
			children = (
				41A3949228F73C2F00B21B43 /* Homework7.app */,
			);
			name = Products;
			sourceTree = "<group>";
		};
		41A3949428F73C2F00B21B43 /* Homework7 */ = {
			isa = PBXGroup;
			children = (
				41A394A928F73E4500B21B43 /* App */,
				41A394AA28F73E5A00B21B43 /* Resources */,
				41A394D228F7401700B21B43 /* Entity */,
				41A394AB28F73E6E00B21B43 /* Modules */,
				41A3949B28F73C2F00B21B43 /* Main.storyboard */,
				41A394A328F73C3600B21B43 /* Info.plist */,
				41A3950F28F75FA600B21B43 /* Yapilacaklar.sqlite */,
				41A394DD28F74C1400B21B43 /* FMDatabase.h */,
				41A394DE28F74C1400B21B43 /* FMDatabase.m */,
				41A394DC28F74C1400B21B43 /* FMDatabaseAdditions.h */,
				41A394E328F74C1400B21B43 /* FMDatabaseAdditions.m */,
				41A394DB28F74C1400B21B43 /* FMDatabasePool.h */,
				41A394DF28F74C1400B21B43 /* FMDatabasePool.m */,
				41A394E128F74C1400B21B43 /* FMDatabaseQueue.h */,
				41A394E428F74C1400B21B43 /* FMDatabaseQueue.m */,
				41A394E228F74C1400B21B43 /* FMDB.h */,
				41A394E028F74C1400B21B43 /* FMResultSet.h */,
				41A394E528F74C1400B21B43 /* FMResultSet.m */,
				41A394DA28F74C1300B21B43 /* Homework7-Bridging-Header.h */,
			);
			path = Homework7;
			sourceTree = "<group>";
		};
		41A394A928F73E4500B21B43 /* App */ = {
			isa = PBXGroup;
			children = (
				41A3949528F73C2F00B21B43 /* AppDelegate.swift */,
				41A3949728F73C2F00B21B43 /* SceneDelegate.swift */,
			);
			path = App;
			sourceTree = "<group>";
		};
		41A394AA28F73E5A00B21B43 /* Resources */ = {
			isa = PBXGroup;
			children = (
				41A3949E28F73C3600B21B43 /* Assets.xcassets */,
				41A394A028F73C3600B21B43 /* LaunchScreen.storyboard */,
			);
			path = Resources;
			sourceTree = "<group>";
		};
		41A394AB28F73E6E00B21B43 /* Modules */ = {
			isa = PBXGroup;
			children = (
				41A394AD28F73E9B00B21B43 /* AnasayfaModule */,
				41A394AF28F73EB200B21B43 /* DetayModule */,
				41A394AE28F73EAA00B21B43 /* KayitModule */,
			);
			path = Modules;
			sourceTree = "<group>";
		};
		41A394AD28F73E9B00B21B43 /* AnasayfaModule */ = {
			isa = PBXGroup;
			children = (
				41A394D528F740C000B21B43 /* TableviewCell */,
				41A3949928F73C2F00B21B43 /* AnasayfaVC.swift */,
				41A394B428F73F2200B21B43 /* AnasayfaInteractor.swift */,
				41A394B628F73F3600B21B43 /* AnasayfaPresenter.swift */,
				41A394BA28F73F5400B21B43 /* AnasayfaRouter.swift */,
				41A394BC28F73F6100B21B43 /* AnasayfaProtocols.swift */,
			);
			path = AnasayfaModule;
			sourceTree = "<group>";
		};
		41A394AE28F73EAA00B21B43 /* KayitModule */ = {
			isa = PBXGroup;
			children = (
				41A394B228F73F0C00B21B43 /* KayitVC.swift */,
				41A394C828F73FD300B21B43 /* KayitInteractor.swift */,
				41A394CA28F73FDD00B21B43 /* KayitPresenter.swift */,
				41A394CE28F73FF500B21B43 /* KayitRouter.swift */,
				41A394D028F73FFF00B21B43 /* KayitProtocols.swift */,
			);
			path = KayitModule;
			sourceTree = "<group>";
		};
		41A394AF28F73EB200B21B43 /* DetayModule */ = {
			isa = PBXGroup;
			children = (
				41A394B028F73EFA00B21B43 /* DetayVC.swift */,
				41A394BE28F73F8400B21B43 /* DetayInteractor.swift */,
				41A394C028F73F9500B21B43 /* DetayPresenter.swift */,
				41A394C428F73FB200B21B43 /* DetayRouter.swift */,
				41A394C628F73FC000B21B43 /* DetayProtocols.swift */,
			);
			path = DetayModule;
			sourceTree = "<group>";
		};
		41A394D228F7401700B21B43 /* Entity */ = {
			isa = PBXGroup;
			children = (
				41A394D328F7402800B21B43 /* Entity.swift */,
			);
			path = Entity;
			sourceTree = "<group>";
		};
		41A394D528F740C000B21B43 /* TableviewCell */ = {
			isa = PBXGroup;
			children = (
				41A394D628F740DE00B21B43 /* YapilacaklarTableViewCell.swift */,
			);
			path = TableviewCell;
			sourceTree = "<group>";
		};
		41A394D828F74BE400B21B43 /* Frameworks */ = {
			isa = PBXGroup;
			children = (
				41A394D928F74BE400B21B43 /* libsqlite3.tbd */,
			);
			name = Frameworks;
			sourceTree = "<group>";
		};
/* End PBXGroup section */

/* Begin PBXNativeTarget section */
		41A3949128F73C2F00B21B43 /* Homework7 */ = {
			isa = PBXNativeTarget;
			buildConfigurationList = 41A394A628F73C3600B21B43 /* Build configuration list for PBXNativeTarget "Homework7" */;
			buildPhases = (
				41A3948E28F73C2F00B21B43 /* Sources */,
				41A3948F28F73C2F00B21B43 /* Frameworks */,
				41A3949028F73C2F00B21B43 /* Resources */,
			);
			buildRules = (
			);
			dependencies = (
			);
			name = Homework7;
			productName = Homework7;
			productReference = 41A3949228F73C2F00B21B43 /* Homework7.app */;
			productType = "com.apple.product-type.application";
		};
/* End PBXNativeTarget section */

/* Begin PBXProject section */
		41A3948A28F73C2F00B21B43 /* Project object */ = {
			isa = PBXProject;
			attributes = {
				BuildIndependentTargetsInParallel = 1;
				LastSwiftUpdateCheck = 1330;
				LastUpgradeCheck = 1330;
				TargetAttributes = {
					41A3949128F73C2F00B21B43 = {
						CreatedOnToolsVersion = 13.3;
						LastSwiftMigration = 1330;
					};
				};
			};
			buildConfigurationList = 41A3948D28F73C2F00B21B43 /* Build configuration list for PBXProject "Homework7" */;
			compatibilityVersion = "Xcode 13.0";
			developmentRegion = en;
			hasScannedForEncodings = 0;
			knownRegions = (
				en,
				Base,
			);
			mainGroup = 41A3948928F73C2F00B21B43;
			productRefGroup = 41A3949328F73C2F00B21B43 /* Products */;
			projectDirPath = "";
			projectRoot = "";
			targets = (
				41A3949128F73C2F00B21B43 /* Homework7 */,
			);
		};
/* End PBXProject section */

/* Begin PBXResourcesBuildPhase section */
		41A3949028F73C2F00B21B43 /* Resources */ = {
			isa = PBXResourcesBuildPhase;
			buildActionMask = 2147483647;
			files = (
				41A394A228F73C3600B21B43 /* LaunchScreen.storyboard in Resources */,
				41A3951028F75FA600B21B43 /* Yapilacaklar.sqlite in Resources */,
				41A3949F28F73C3600B21B43 /* Assets.xcassets in Resources */,
				41A3949D28F73C2F00B21B43 /* Main.storyboard in Resources */,
			);
			runOnlyForDeploymentPostprocessing = 0;
		};
/* End PBXResourcesBuildPhase section */

/* Begin PBXSourcesBuildPhase section */
		41A3948E28F73C2F00B21B43 /* Sources */ = {
			isa = PBXSourcesBuildPhase;
			buildActionMask = 2147483647;
			files = (
				41A394C728F73FC000B21B43 /* DetayProtocols.swift in Sources */,
				41A394D428F7402800B21B43 /* Entity.swift in Sources */,
				41A394BB28F73F5400B21B43 /* AnasayfaRouter.swift in Sources */,
				41A394E628F74C1400B21B43 /* FMDatabase.m in Sources */,
				41A394E728F74C1400B21B43 /* FMDatabasePool.m in Sources */,
				41A394CB28F73FDD00B21B43 /* KayitPresenter.swift in Sources */,
				41A394EA28F74C1400B21B43 /* FMResultSet.m in Sources */,
				41A394D728F740DE00B21B43 /* YapilacaklarTableViewCell.swift in Sources */,
				41A394E828F74C1400B21B43 /* FMDatabaseAdditions.m in Sources */,
				41A394C128F73F9500B21B43 /* DetayPresenter.swift in Sources */,
				41A394C528F73FB200B21B43 /* DetayRouter.swift in Sources */,
				41A394B728F73F3600B21B43 /* AnasayfaPresenter.swift in Sources */,
				41A394CF28F73FF500B21B43 /* KayitRouter.swift in Sources */,
				41A394E928F74C1400B21B43 /* FMDatabaseQueue.m in Sources */,
				41A394B528F73F2200B21B43 /* AnasayfaInteractor.swift in Sources */,
				41A394BF28F73F8400B21B43 /* DetayInteractor.swift in Sources */,
				41A394B128F73EFA00B21B43 /* DetayVC.swift in Sources */,
				41A394BD28F73F6100B21B43 /* AnasayfaProtocols.swift in Sources */,
				41A3949A28F73C2F00B21B43 /* AnasayfaVC.swift in Sources */,
				41A394B328F73F0C00B21B43 /* KayitVC.swift in Sources */,
				41A394C928F73FD300B21B43 /* KayitInteractor.swift in Sources */,
				41A3949628F73C2F00B21B43 /* AppDelegate.swift in Sources */,
				41A3949828F73C2F00B21B43 /* SceneDelegate.swift in Sources */,
				41A394D128F73FFF00B21B43 /* KayitProtocols.swift in Sources */,
			);
			runOnlyForDeploymentPostprocessing = 0;
		};
/* End PBXSourcesBuildPhase section */

/* Begin PBXVariantGroup section */
		41A3949B28F73C2F00B21B43 /* Main.storyboard */ = {
			isa = PBXVariantGroup;
			children = (
				41A3949C28F73C2F00B21B43 /* Base */,
			);
			name = Main.storyboard;
			sourceTree = "<group>";
		};
		41A394A028F73C3600B21B43 /* LaunchScreen.storyboard */ = {
			isa = PBXVariantGroup;
			children = (
				41A394A128F73C3600B21B43 /* Base */,
			);
			name = LaunchScreen.storyboard;
			sourceTree = "<group>";
		};
/* End PBXVariantGroup section */

/* Begin XCBuildConfiguration section */
		41A394A428F73C3600B21B43 /* Debug */ = {
			isa = XCBuildConfiguration;
			buildSettings = {
				ALWAYS_SEARCH_USER_PATHS = NO;
				CLANG_ANALYZER_NONNULL = YES;
				CLANG_ANALYZER_NUMBER_OBJECT_CONVERSION = YES_AGGRESSIVE;
				CLANG_CXX_LANGUAGE_STANDARD = "gnu++17";
				CLANG_ENABLE_MODULES = YES;
				CLANG_ENABLE_OBJC_ARC = YES;
				CLANG_ENABLE_OBJC_WEAK = YES;
				CLANG_WARN_BLOCK_CAPTURE_AUTORELEASING = YES;
				CLANG_WARN_BOOL_CONVERSION = YES;
				CLANG_WARN_COMMA = YES;
				CLANG_WARN_CONSTANT_CONVERSION = YES;
				CLANG_WARN_DEPRECATED_OBJC_IMPLEMENTATIONS = YES;
				CLANG_WARN_DIRECT_OBJC_ISA_USAGE = YES_ERROR;
				CLANG_WARN_DOCUMENTATION_COMMENTS = YES;
				CLANG_WARN_EMPTY_BODY = YES;
				CLANG_WARN_ENUM_CONVERSION = YES;
				CLANG_WARN_INFINITE_RECURSION = YES;
				CLANG_WARN_INT_CONVERSION = YES;
				CLANG_WARN_NON_LITERAL_NULL_CONVERSION = YES;
				CLANG_WARN_OBJC_IMPLICIT_RETAIN_SELF = YES;
				CLANG_WARN_OBJC_LITERAL_CONVERSION = YES;
				CLANG_WARN_OBJC_ROOT_CLASS = YES_ERROR;
				CLANG_WARN_QUOTED_INCLUDE_IN_FRAMEWORK_HEADER = YES;
				CLANG_WARN_RANGE_LOOP_ANALYSIS = YES;
				CLANG_WARN_STRICT_PROTOTYPES = YES;
				CLANG_WARN_SUSPICIOUS_MOVE = YES;
				CLANG_WARN_UNGUARDED_AVAILABILITY = YES_AGGRESSIVE;
				CLANG_WARN_UNREACHABLE_CODE = YES;
				CLANG_WARN__DUPLICATE_METHOD_MATCH = YES;
				COPY_PHASE_STRIP = NO;
				DEBUG_INFORMATION_FORMAT = dwarf;
				ENABLE_STRICT_OBJC_MSGSEND = YES;
				ENABLE_TESTABILITY = YES;
				GCC_C_LANGUAGE_STANDARD = gnu11;
				GCC_DYNAMIC_NO_PIC = NO;
				GCC_NO_COMMON_BLOCKS = YES;
				GCC_OPTIMIZATION_LEVEL = 0;
				GCC_PREPROCESSOR_DEFINITIONS = (
					"DEBUG=1",
					"$(inherited)",
				);
				GCC_WARN_64_TO_32_BIT_CONVERSION = YES;
				GCC_WARN_ABOUT_RETURN_TYPE = YES_ERROR;
				GCC_WARN_UNDECLARED_SELECTOR = YES;
				GCC_WARN_UNINITIALIZED_AUTOS = YES_AGGRESSIVE;
				GCC_WARN_UNUSED_FUNCTION = YES;
				GCC_WARN_UNUSED_VARIABLE = YES;
				IPHONEOS_DEPLOYMENT_TARGET = 15.4;
				MTL_ENABLE_DEBUG_INFO = INCLUDE_SOURCE;
				MTL_FAST_MATH = YES;
				ONLY_ACTIVE_ARCH = YES;
				SDKROOT = iphoneos;
				SWIFT_ACTIVE_COMPILATION_CONDITIONS = DEBUG;
				SWIFT_OPTIMIZATION_LEVEL = "-Onone";
			};
			name = Debug;
		};
		41A394A528F73C3600B21B43 /* Release */ = {
			isa = XCBuildConfiguration;
			buildSettings = {
				ALWAYS_SEARCH_USER_PATHS = NO;
				CLANG_ANALYZER_NONNULL = YES;
				CLANG_ANALYZER_NUMBER_OBJECT_CONVERSION = YES_AGGRESSIVE;
				CLANG_CXX_LANGUAGE_STANDARD = "gnu++17";
				CLANG_ENABLE_MODULES = YES;
				CLANG_ENABLE_OBJC_ARC = YES;
				CLANG_ENABLE_OBJC_WEAK = YES;
				CLANG_WARN_BLOCK_CAPTURE_AUTORELEASING = YES;
				CLANG_WARN_BOOL_CONVERSION = YES;
				CLANG_WARN_COMMA = YES;
				CLANG_WARN_CONSTANT_CONVERSION = YES;
				CLANG_WARN_DEPRECATED_OBJC_IMPLEMENTATIONS = YES;
				CLANG_WARN_DIRECT_OBJC_ISA_USAGE = YES_ERROR;
				CLANG_WARN_DOCUMENTATION_COMMENTS = YES;
				CLANG_WARN_EMPTY_BODY = YES;
				CLANG_WARN_ENUM_CONVERSION = YES;
				CLANG_WARN_INFINITE_RECURSION = YES;
				CLANG_WARN_INT_CONVERSION = YES;
				CLANG_WARN_NON_LITERAL_NULL_CONVERSION = YES;
				CLANG_WARN_OBJC_IMPLICIT_RETAIN_SELF = YES;
				CLANG_WARN_OBJC_LITERAL_CONVERSION = YES;
				CLANG_WARN_OBJC_ROOT_CLASS = YES_ERROR;
				CLANG_WARN_QUOTED_INCLUDE_IN_FRAMEWORK_HEADER = YES;
				CLANG_WARN_RANGE_LOOP_ANALYSIS = YES;
				CLANG_WARN_STRICT_PROTOTYPES = YES;
				CLANG_WARN_SUSPICIOUS_MOVE = YES;
				CLANG_WARN_UNGUARDED_AVAILABILITY = YES_AGGRESSIVE;
				CLANG_WARN_UNREACHABLE_CODE = YES;
				CLANG_WARN__DUPLICATE_METHOD_MATCH = YES;
				COPY_PHASE_STRIP = NO;
				DEBUG_INFORMATION_FORMAT = "dwarf-with-dsym";
				ENABLE_NS_ASSERTIONS = NO;
				ENABLE_STRICT_OBJC_MSGSEND = YES;
				GCC_C_LANGUAGE_STANDARD = gnu11;
				GCC_NO_COMMON_BLOCKS = YES;
				GCC_WARN_64_TO_32_BIT_CONVERSION = YES;
				GCC_WARN_ABOUT_RETURN_TYPE = YES_ERROR;
				GCC_WARN_UNDECLARED_SELECTOR = YES;
				GCC_WARN_UNINITIALIZED_AUTOS = YES_AGGRESSIVE;
				GCC_WARN_UNUSED_FUNCTION = YES;
				GCC_WARN_UNUSED_VARIABLE = YES;
				IPHONEOS_DEPLOYMENT_TARGET = 15.4;
				MTL_ENABLE_DEBUG_INFO = NO;
				MTL_FAST_MATH = YES;
				SDKROOT = iphoneos;
				SWIFT_COMPILATION_MODE = wholemodule;
				SWIFT_OPTIMIZATION_LEVEL = "-O";
				VALIDATE_PRODUCT = YES;
			};
			name = Release;
		};
		41A394A728F73C3600B21B43 /* Debug */ = {
			isa = XCBuildConfiguration;
			buildSettings = {
				ASSETCATALOG_COMPILER_APPICON_NAME = AppIcon;
				ASSETCATALOG_COMPILER_GLOBAL_ACCENT_COLOR_NAME = AccentColor;
				CLANG_ENABLE_MODULES = YES;
				CODE_SIGN_STYLE = Automatic;
				CURRENT_PROJECT_VERSION = 1;
				GENERATE_INFOPLIST_FILE = YES;
				INFOPLIST_FILE = Homework7/Info.plist;
				INFOPLIST_KEY_UIApplicationSupportsIndirectInputEvents = YES;
				INFOPLIST_KEY_UILaunchStoryboardName = LaunchScreen;
				INFOPLIST_KEY_UIMainStoryboardFile = Main;
				INFOPLIST_KEY_UISupportedInterfaceOrientations_iPad = "UIInterfaceOrientationPortrait UIInterfaceOrientationPortraitUpsideDown UIInterfaceOrientationLandscapeLeft UIInterfaceOrientationLandscapeRight";
				INFOPLIST_KEY_UISupportedInterfaceOrientations_iPhone = "UIInterfaceOrientationPortrait UIInterfaceOrientationLandscapeLeft UIInterfaceOrientationLandscapeRight";
				LD_RUNPATH_SEARCH_PATHS = (
					"$(inherited)",
					"@executable_path/Frameworks",
				);
				MARKETING_VERSION = 1.0;
				PRODUCT_BUNDLE_IDENTIFIER = ali.kolukirik.Homework7;
				PRODUCT_NAME = "$(TARGET_NAME)";
				SWIFT_EMIT_LOC_STRINGS = YES;
				SWIFT_OBJC_BRIDGING_HEADER = "Homework7/Homework7-Bridging-Header.h";
				SWIFT_OPTIMIZATION_LEVEL = "-Onone";
				SWIFT_VERSION = 5.0;
				TARGETED_DEVICE_FAMILY = "1,2";
			};
			name = Debug;
		};
		41A394A828F73C3600B21B43 /* Release */ = {
			isa = XCBuildConfiguration;
			buildSettings = {
				ASSETCATALOG_COMPILER_APPICON_NAME = AppIcon;
				ASSETCATALOG_COMPILER_GLOBAL_ACCENT_COLOR_NAME = AccentColor;
				CLANG_ENABLE_MODULES = YES;
				CODE_SIGN_STYLE = Automatic;
				CURRENT_PROJECT_VERSION = 1;
				GENERATE_INFOPLIST_FILE = YES;
				INFOPLIST_FILE = Homework7/Info.plist;
				INFOPLIST_KEY_UIApplicationSupportsIndirectInputEvents = YES;
				INFOPLIST_KEY_UILaunchStoryboardName = LaunchScreen;
				INFOPLIST_KEY_UIMainStoryboardFile = Main;
				INFOPLIST_KEY_UISupportedInterfaceOrientations_iPad = "UIInterfaceOrientationPortrait UIInterfaceOrientationPortraitUpsideDown UIInterfaceOrientationLandscapeLeft UIInterfaceOrientationLandscapeRight";
				INFOPLIST_KEY_UISupportedInterfaceOrientations_iPhone = "UIInterfaceOrientationPortrait UIInterfaceOrientationLandscapeLeft UIInterfaceOrientationLandscapeRight";
				LD_RUNPATH_SEARCH_PATHS = (
					"$(inherited)",
					"@executable_path/Frameworks",
				);
				MARKETING_VERSION = 1.0;
				PRODUCT_BUNDLE_IDENTIFIER = ali.kolukirik.Homework7;
				PRODUCT_NAME = "$(TARGET_NAME)";
				SWIFT_EMIT_LOC_STRINGS = YES;
				SWIFT_OBJC_BRIDGING_HEADER = "Homework7/Homework7-Bridging-Header.h";
				SWIFT_VERSION = 5.0;
				TARGETED_DEVICE_FAMILY = "1,2";
			};
			name = Release;
		};
/* End XCBuildConfiguration section */

/* Begin XCConfigurationList section */
		41A3948D28F73C2F00B21B43 /* Build configuration list for PBXProject "Homework7" */ = {
			isa = XCConfigurationList;
			buildConfigurations = (
				41A394A428F73C3600B21B43 /* Debug */,
				41A394A528F73C3600B21B43 /* Release */,
			);
			defaultConfigurationIsVisible = 0;
			defaultConfigurationName = Release;
		};
		41A394A628F73C3600B21B43 /* Build configuration list for PBXNativeTarget "Homework7" */ = {
			isa = XCConfigurationList;
			buildConfigurations = (
				41A394A728F73C3600B21B43 /* Debug */,
				41A394A828F73C3600B21B43 /* Release */,
			);
			defaultConfigurationIsVisible = 0;
			defaultConfigurationName = Release;
		};
/* End XCConfigurationList section */
	};
	rootObject = 41A3948A28F73C2F00B21B43 /* Project object */;
}
